
Microsoft Visual Studio Solution File, Format Version 12.00
# Visual Studio Version 17
VisualStudioVersion = 17.8.34322.80
MinimumVisualStudioVersion = 10.0.40219.1
Project("{FAE04EC0-301F-11D3-BF4B-00C04F79EFBC}") = "TestMonopoly", "TestMonopoly\TestMonopoly.csproj", "{30151FCF-E654-4BD3-8305-DF314E503363}"
EndProject
Project("{FAE04EC0-301F-11D3-BF4B-00C04F79EFBC}") = "TestProject", "TestProject\TestProject.csproj", "{219BF165-DD28-4060-A4BB-BE2E34B962AE}"
EndProject
Global
	GlobalSection(SolutionConfigurationPlatforms) = preSolution
		Debug|Any CPU = Debug|Any CPU
		Release|Any CPU = Release|Any CPU
	EndGlobalSection
	GlobalSection(ProjectConfigurationPlatforms) = postSolution
		{30151FCF-E654-4BD3-8305-DF314E503363}.Debug|Any CPU.ActiveCfg = Debug|Any CPU
		{30151FCF-E654-4BD3-8305-DF314E503363}.Debug|Any CPU.Build.0 = Debug|Any CPU
		{30151FCF-E654-4BD3-8305-DF314E503363}.Release|Any CPU.ActiveCfg = Release|Any CPU
		{30151FCF-E654-4BD3-8305-DF314E503363}.Release|Any CPU.Build.0 = Release|Any CPU
		{219BF165-DD28-4060-A4BB-BE2E34B962AE}.Debug|Any CPU.ActiveCfg = Debug|Any CPU
		{219BF165-DD28-4060-A4BB-BE2E34B962AE}.Debug|Any CPU.Build.0 = Debug|Any CPU
		{219BF165-DD28-4060-A4BB-BE2E34B962AE}.Release|Any CPU.ActiveCfg = Release|Any CPU
		{219BF165-DD28-4060-A4BB-BE2E34B962AE}.Release|Any CPU.Build.0 = Release|Any CPU
	EndGlobalSection
	GlobalSection(SolutionProperties) = preSolution
		HideSolutionNode = FALSE
	EndGlobalSection
	GlobalSection(ExtensibilityGlobals) = postSolution
		SolutionGuid = {129A95C0-5448-4D17-8865-033EAEA7D8F9}
	EndGlobalSection
EndGlobal
